
Microsoft Visual Studio Solution File, Format Version 12.00
# Visual Studio Version 16
VisualStudioVersion = 16.0.30204.135
MinimumVisualStudioVersion = 10.0.40219.1
Project("{FAE04EC0-301F-11D3-BF4B-00C04F79EFBC}") = "WebApp", "WebApp\WebApp.csproj", "{F545AE8C-E555-40B8-BA46-0049A8482CA5}"
EndProject
Global
	GlobalSection(SolutionConfigurationPlatforms) = preSolution
		Debug|Any CPU = Debug|Any CPU
		Release|Any CPU = Release|Any CPU
	EndGlobalSection
	GlobalSection(ProjectConfigurationPlatforms) = postSolution
		{F545AE8C-E555-40B8-BA46-0049A8482CA5}.Debug|Any CPU.ActiveCfg = Debug|Any CPU
		{F545AE8C-E555-40B8-BA46-0049A8482CA5}.Debug|Any CPU.Build.0 = Debug|Any CPU
		{F545AE8C-E555-40B8-BA46-0049A8482CA5}.Release|Any CPU.ActiveCfg = Release|Any CPU
		{F545AE8C-E555-40B8-BA46-0049A8482CA5}.Release|Any CPU.Build.0 = Release|Any CPU
	EndGlobalSection
	GlobalSection(SolutionProperties) = preSolution
		HideSolutionNode = FALSE
	EndGlobalSection
	GlobalSection(ExtensibilityGlobals) = postSolution
		SolutionGuid = {A7A4B02A-33CD-4298-A61E-811C735E9A21}
	EndGlobalSection
EndGlobal
